
Microsoft Visual Studio Solution File, Format Version 12.00
# Visual Studio Version 17
VisualStudioVersion = 17.11.35327.3
MinimumVisualStudioVersion = 10.0.40219.1
Project("{FAE04EC0-301F-11D3-BF4B-00C04F79EFBC}") = "ApplicationMS", "ApplicationMS\ApplicationMS.csproj", "{FD52F4D0-CE1B-4977-8FBD-0765789835C1}"
EndProject
Project("{FAE04EC0-301F-11D3-BF4B-00C04F79EFBC}") = "PersonMS", "PersonMS\PersonMS.csproj", "{057724D6-AE0C-41FA-9005-3FC0ADD3EF0D}"
EndProject
Global
	GlobalSection(SolutionConfigurationPlatforms) = preSolution
		Debug|Any CPU = Debug|Any CPU
		Release|Any CPU = Release|Any CPU
	EndGlobalSection
	GlobalSection(ProjectConfigurationPlatforms) = postSolution
		{FD52F4D0-CE1B-4977-8FBD-0765789835C1}.Debug|Any CPU.ActiveCfg = Debug|Any CPU
		{FD52F4D0-CE1B-4977-8FBD-0765789835C1}.Debug|Any CPU.Build.0 = Debug|Any CPU
		{FD52F4D0-CE1B-4977-8FBD-0765789835C1}.Release|Any CPU.ActiveCfg = Release|Any CPU
		{FD52F4D0-CE1B-4977-8FBD-0765789835C1}.Release|Any CPU.Build.0 = Release|Any CPU
		{057724D6-AE0C-41FA-9005-3FC0ADD3EF0D}.Debug|Any CPU.ActiveCfg = Debug|Any CPU
		{057724D6-AE0C-41FA-9005-3FC0ADD3EF0D}.Debug|Any CPU.Build.0 = Debug|Any CPU
		{057724D6-AE0C-41FA-9005-3FC0ADD3EF0D}.Release|Any CPU.ActiveCfg = Release|Any CPU
		{057724D6-AE0C-41FA-9005-3FC0ADD3EF0D}.Release|Any CPU.Build.0 = Release|Any CPU
	EndGlobalSection
	GlobalSection(SolutionProperties) = preSolution
		HideSolutionNode = FALSE
	EndGlobalSection
	GlobalSection(ExtensibilityGlobals) = postSolution
		SolutionGuid = {CBFE0DA6-5DBC-4B7F-BA4F-5ADE59D38425}
	EndGlobalSection
EndGlobal
